
Microsoft Visual Studio Solution File, Format Version 12.00
# Visual Studio Version 17
VisualStudioVersion = 17.7.34202.233
MinimumVisualStudioVersion = 10.0.40219.1
Project("{FAE04EC0-301F-11D3-BF4B-00C04F79EFBC}") = "Business", "Business\Business.csproj", "{C922CCEB-A2FF-41BA-92A4-3F5E7AF99DFF}"
EndProject
Project("{FAE04EC0-301F-11D3-BF4B-00C04F79EFBC}") = "DataAccess", "DataAccess\DataAccess.csproj", "{3F3F1359-B2F7-4B40-95DE-E98FBA7C7066}"
EndProject
Project("{FAE04EC0-301F-11D3-BF4B-00C04F79EFBC}") = "Entities", "Entities\Entities.csproj", "{FDB1BE29-68EC-44EC-8551-C61818DA6AF6}"
EndProject
Project("{FAE04EC0-301F-11D3-BF4B-00C04F79EFBC}") = "Core", "Core\Core.csproj", "{0F521419-E09A-4375-9898-2A1DCBAF37AA}"
EndProject
Project("{FAE04EC0-301F-11D3-BF4B-00C04F79EFBC}") = "WebAPI", "WebAPI\WebAPI.csproj", "{E61A97F7-CEB7-41BE-B3F9-8D6BB969EC6F}"
EndProject
Global
	GlobalSection(SolutionConfigurationPlatforms) = preSolution
		Debug|Any CPU = Debug|Any CPU
		Release|Any CPU = Release|Any CPU
	EndGlobalSection
	GlobalSection(ProjectConfigurationPlatforms) = postSolution
		{C922CCEB-A2FF-41BA-92A4-3F5E7AF99DFF}.Debug|Any CPU.ActiveCfg = Debug|Any CPU
		{C922CCEB-A2FF-41BA-92A4-3F5E7AF99DFF}.Debug|Any CPU.Build.0 = Debug|Any CPU
		{C922CCEB-A2FF-41BA-92A4-3F5E7AF99DFF}.Release|Any CPU.ActiveCfg = Release|Any CPU
		{C922CCEB-A2FF-41BA-92A4-3F5E7AF99DFF}.Release|Any CPU.Build.0 = Release|Any CPU
		{3F3F1359-B2F7-4B40-95DE-E98FBA7C7066}.Debug|Any CPU.ActiveCfg = Debug|Any CPU
		{3F3F1359-B2F7-4B40-95DE-E98FBA7C7066}.Debug|Any CPU.Build.0 = Debug|Any CPU
		{3F3F1359-B2F7-4B40-95DE-E98FBA7C7066}.Release|Any CPU.ActiveCfg = Release|Any CPU
		{3F3F1359-B2F7-4B40-95DE-E98FBA7C7066}.Release|Any CPU.Build.0 = Release|Any CPU
		{FDB1BE29-68EC-44EC-8551-C61818DA6AF6}.Debug|Any CPU.ActiveCfg = Debug|Any CPU
		{FDB1BE29-68EC-44EC-8551-C61818DA6AF6}.Debug|Any CPU.Build.0 = Debug|Any CPU
		{FDB1BE29-68EC-44EC-8551-C61818DA6AF6}.Release|Any CPU.ActiveCfg = Release|Any CPU
		{FDB1BE29-68EC-44EC-8551-C61818DA6AF6}.Release|Any CPU.Build.0 = Release|Any CPU
		{0F521419-E09A-4375-9898-2A1DCBAF37AA}.Debug|Any CPU.ActiveCfg = Debug|Any CPU
		{0F521419-E09A-4375-9898-2A1DCBAF37AA}.Debug|Any CPU.Build.0 = Debug|Any CPU
		{0F521419-E09A-4375-9898-2A1DCBAF37AA}.Release|Any CPU.ActiveCfg = Release|Any CPU
		{0F521419-E09A-4375-9898-2A1DCBAF37AA}.Release|Any CPU.Build.0 = Release|Any CPU
		{E61A97F7-CEB7-41BE-B3F9-8D6BB969EC6F}.Debug|Any CPU.ActiveCfg = Debug|Any CPU
		{E61A97F7-CEB7-41BE-B3F9-8D6BB969EC6F}.Debug|Any CPU.Build.0 = Debug|Any CPU
		{E61A97F7-CEB7-41BE-B3F9-8D6BB969EC6F}.Release|Any CPU.ActiveCfg = Release|Any CPU
		{E61A97F7-CEB7-41BE-B3F9-8D6BB969EC6F}.Release|Any CPU.Build.0 = Release|Any CPU
	EndGlobalSection
	GlobalSection(SolutionProperties) = preSolution
		HideSolutionNode = FALSE
	EndGlobalSection
	GlobalSection(ExtensibilityGlobals) = postSolution
		SolutionGuid = {8349BDE9-23F3-4A05-B8E8-37A398434406}
	EndGlobalSection
EndGlobal
